
Microsoft Visual Studio Solution File, Format Version 12.00
# Visual Studio Version 16
VisualStudioVersion = 16.0.30204.135
MinimumVisualStudioVersion = 10.0.40219.1
Project("{9A19103F-16F7-4668-BE54-9A1E7A4F7556}") = "webapitest", "webapitest.csproj", "{93BA50C7-E5A1-492E-98D7-3E36723FA898}"
EndProject
Global
	GlobalSection(SolutionConfigurationPlatforms) = preSolution
		Debug|Any CPU = Debug|Any CPU
		Release|Any CPU = Release|Any CPU
	EndGlobalSection
	GlobalSection(ProjectConfigurationPlatforms) = postSolution
		{93BA50C7-E5A1-492E-98D7-3E36723FA898}.Debug|Any CPU.ActiveCfg = Debug|Any CPU
		{93BA50C7-E5A1-492E-98D7-3E36723FA898}.Debug|Any CPU.Build.0 = Debug|Any CPU
		{93BA50C7-E5A1-492E-98D7-3E36723FA898}.Release|Any CPU.ActiveCfg = Release|Any CPU
		{93BA50C7-E5A1-492E-98D7-3E36723FA898}.Release|Any CPU.Build.0 = Release|Any CPU
	EndGlobalSection
	GlobalSection(SolutionProperties) = preSolution
		HideSolutionNode = FALSE
	EndGlobalSection
	GlobalSection(ExtensibilityGlobals) = postSolution
		SolutionGuid = {C8638B19-B879-41C4-99F3-5E6B0B686DE7}
	EndGlobalSection
EndGlobal
